
Microsoft Visual Studio Solution File, Format Version 12.00
# Visual Studio Version 17
VisualStudioVersion = 17.4.33205.214
MinimumVisualStudioVersion = 10.0.40219.1
Project("{9A19103F-16F7-4668-BE54-9A1E7A4F7556}") = "Day01", "Day01\Day01.csproj", "{C99D0850-1B39-479B-8F93-03688045268E}"
EndProject
Project("{9A19103F-16F7-4668-BE54-9A1E7A4F7556}") = "Day02", "Day02\Day02.csproj", "{79102617-331F-4469-9F6F-E8AB9457E2D2}"
EndProject
Project("{FAE04EC0-301F-11D3-BF4B-00C04F79EFBC}") = "Day03", "Day03\Day03.csproj", "{CD1A0BA1-212E-4C34-8014-0DCC63406F22}"
EndProject
Global
	GlobalSection(SolutionConfigurationPlatforms) = preSolution
		Debug|Any CPU = Debug|Any CPU
		Release|Any CPU = Release|Any CPU
	EndGlobalSection
	GlobalSection(ProjectConfigurationPlatforms) = postSolution
		{C99D0850-1B39-479B-8F93-03688045268E}.Debug|Any CPU.ActiveCfg = Debug|Any CPU
		{C99D0850-1B39-479B-8F93-03688045268E}.Debug|Any CPU.Build.0 = Debug|Any CPU
		{C99D0850-1B39-479B-8F93-03688045268E}.Release|Any CPU.ActiveCfg = Release|Any CPU
		{C99D0850-1B39-479B-8F93-03688045268E}.Release|Any CPU.Build.0 = Release|Any CPU
		{79102617-331F-4469-9F6F-E8AB9457E2D2}.Debug|Any CPU.ActiveCfg = Debug|Any CPU
		{79102617-331F-4469-9F6F-E8AB9457E2D2}.Debug|Any CPU.Build.0 = Debug|Any CPU
		{79102617-331F-4469-9F6F-E8AB9457E2D2}.Release|Any CPU.ActiveCfg = Release|Any CPU
		{79102617-331F-4469-9F6F-E8AB9457E2D2}.Release|Any CPU.Build.0 = Release|Any CPU
		{CD1A0BA1-212E-4C34-8014-0DCC63406F22}.Debug|Any CPU.ActiveCfg = Debug|Any CPU
		{CD1A0BA1-212E-4C34-8014-0DCC63406F22}.Debug|Any CPU.Build.0 = Debug|Any CPU
		{CD1A0BA1-212E-4C34-8014-0DCC63406F22}.Release|Any CPU.ActiveCfg = Release|Any CPU
		{CD1A0BA1-212E-4C34-8014-0DCC63406F22}.Release|Any CPU.Build.0 = Release|Any CPU
	EndGlobalSection
	GlobalSection(SolutionProperties) = preSolution
		HideSolutionNode = FALSE
	EndGlobalSection
	GlobalSection(ExtensibilityGlobals) = postSolution
		SolutionGuid = {F49E54D6-5836-4DCE-9405-DCEDFA63DEB8}
	EndGlobalSection
EndGlobal
